PODS:
  - Alamofire (5.5.0)
  - FantasyUI (1.0.11):
    - FantasyUI/Networking (= 1.0.11)
    - lottie-ios
  - FantasyUI/Networking (1.0.11):
    - KakaJSON
    - lottie-ios
    - Moya
    - Moya/Combine (~> 15.0)
    - SwiftyJSON
  - FloatingPanel (2.5.1)
  - Introspect (0.1.4)
  - KakaJSON (1.1.2)
  - lottie-ios (3.3.0)
  - Moya (15.0.0):
    - Moya/Core (= 15.0.0)
  - Moya/Combine (15.0.0):
    - Moya/Core
  - Moya/Core (15.0.0):
    - Alamofire (~> 5.0)
  - SDWebImage (5.12.3):
    - SDWebImage/Core (= 5.12.3)
  - SDWebImage/Core (5.12.3)
  - SDWebImageSwiftUI (2.0.2):
    - SDWebImage (~> 5.10)
  - SwiftyJSON (5.0.1)
  - UMCCommonLog (2.0.2)
  - UMCommon (7.3.6):
    - UMDevice
  - UMDevice (2.2.1)

DEPENDENCIES:
  - FantasyUI (from `./FantasyUI`)
  - FloatingPanel
  - Introspect
  - lottie-ios
  - SDWebImageSwiftUI
  - UMCCommonLog
  - UMCommon
  - UMDevice

SPEC REPOS:
  trunk:
    - Alamofire
    - FloatingPanel
    - Introspect
    - KakaJSON
    - lottie-ios
    - Moya
    - SDWebImage
    - SDWebImageSwiftUI
    - SwiftyJSON
    - UMCCommonLog
    - UMCommon
    - UMDevice

EXTERNAL SOURCES:
  FantasyUI:
    :path: "./FantasyUI"

SPEC CHECKSUMS:
  Alamofire: 1c4fb5369c3fe93d2857c780d8bbe09f06f97e7c
  FantasyUI: a4abebeca31db273700d872832e22334c3075cf2
  FloatingPanel: 523cb50f490f151fc03fabf24a8322e44d22f65f
  Introspect: b62c4dd2063072327c21d618ef2bedc3c87bc366
  KakaJSON: cc5ff50a8c1cfbb09413db8496cb709a209e6137
  lottie-ios: 6ac74dcc09904798f59b18cb3075c089d76be9ae
  Moya: 138f0573e53411fb3dc17016add0b748dfbd78ee
  SDWebImage: 53179a2dba77246efa8a9b85f5c5b21f8f43e38f
  SDWebImageSwiftUI: 8a3923c95108312b03a599ec1498754af55a6819
  SwiftyJSON: 2f33a42c6fbc52764d96f13368585094bfd8aa5e
  UMCCommonLog: bea707e50c85cef4b0eb47cc5c7226bb843245ca
  UMCommon: c61df8457c275afd4f8a2fca10c7446d66220ac0
  UMDevice: 053478c4b4d7292f31f0a275c227d3c4007a5571

PODFILE CHECKSUM: e0fbdd06b42a565b7e3400a648415b55fe61a957

COCOAPODS: 1.11.2
